github.com/AppliedGoCourses/C v1.1.0 h1:sG6v2C+4rpAI3+RHxoTnPcc/Ejpwsq0ZEueOkY2JCLo=
github.com/AppliedGoCourses/C v1.1.0/go.mod h1:faBYAMj2Cx0NPapOOQ02+wk8i+kIxBWDHXgPHUnAbB0=
github.com/AppliedGoCourses/C v1.2.0 h1:9GbM/h73ZeWy+wRhjJ6nPuXXSJx+XmCq3zhVk1p032o=
github.com/AppliedGoCourses/C v1.2.0/go.mod h1:faBYAMj2Cx0NPapOOQ02+wk8i+kIxBWDHXgPHUnAbB0=
github.com/AppliedGoCourses/C v1.3.0 h1:RtgLLazJMgMyPIQ/ShUhp5NVA0Bc5wgPoALdpz2cwK8=
github.com/AppliedGoCourses/C v1.3.0/go.mod h1:faBYAMj2Cx0NPapOOQ02+wk8i+kIxBWDHXgPHUnAbB0=
